
Microsoft Visual Studio Solution File, Format Version 12.00
# Visual Studio Version 17
VisualStudioVersion = 17.3.32929.385
MinimumVisualStudioVersion = 10.0.40219.1
Project("{FAE04EC0-301F-11D3-BF4B-00C04F79EFBC}") = "Movie_Magic_2", "Movie_Magic_2\Movie_Magic_2.csproj", "{C4FDD6BB-5BDE-4CF9-872C-2DB52164BA1B}"
EndProject
Global
	GlobalSection(SolutionConfigurationPlatforms) = preSolution
		Debug|Any CPU = Debug|Any CPU
		Release|Any CPU = Release|Any CPU
	EndGlobalSection
	GlobalSection(ProjectConfigurationPlatforms) = postSolution
		{C4FDD6BB-5BDE-4CF9-872C-2DB52164BA1B}.Debug|Any CPU.ActiveCfg = Debug|Any CPU
		{C4FDD6BB-5BDE-4CF9-872C-2DB52164BA1B}.Debug|Any CPU.Build.0 = Debug|Any CPU
		{C4FDD6BB-5BDE-4CF9-872C-2DB52164BA1B}.Release|Any CPU.ActiveCfg = Release|Any CPU
		{C4FDD6BB-5BDE-4CF9-872C-2DB52164BA1B}.Release|Any CPU.Build.0 = Release|Any CPU
	EndGlobalSection
	GlobalSection(SolutionProperties) = preSolution
		HideSolutionNode = FALSE
	EndGlobalSection
	GlobalSection(ExtensibilityGlobals) = postSolution
		SolutionGuid = {211FCABF-A131-4F9A-BD16-92778BCAC4F3}
	EndGlobalSection
EndGlobal
